{
  "pins" : [
    {
      "identity" : "countrykit",
      "kind" : "remoteSourceControl",
      "location" : "https://github.com/eclypse-tms/CountryKit",
      "state" : {
        "revision" : "9800c69c2e37650844f681070282aa3abaf376c1",
        "version" : "0.1.0"
      }
    }
  ],
  "version" : 2
}
