{
  "pins" : [
    {
      "identity" : "composure",
      "kind" : "remoteSourceControl",
      "location" : "https://github.com/eclypse-tms/Composure",
      "state" : {
        "revision" : "5085526b12744c9dd042c66de26b175ca45b963e",
        "version" : "1.2.2"
      }
    },
    {
      "identity" : "countrykit",
      "kind" : "remoteSourceControl",
      "location" : "https://github.com/eclypse-tms/CountryKit",
      "state" : {
        "revision" : "2d57b65348ae8455fcc16967041c96cba9f02e8f",
        "version" : "1.0.0"
      }
    },
    {
      "identity" : "flagkit",
      "kind" : "remoteSourceControl",
      "location" : "https://github.com/madebybowtie/FlagKit.git",
      "state" : {
        "revision" : "f12111d91902d23fd1d9cc7ad9198030b049795d",
        "version" : "2.4.0"
      }
    }
  ],
  "version" : 2
}
