// !$*UTF8*$!
{
	archiveVersion = 1;
	classes = {
	};
	objectVersion = 56;
	objects = {

/* Begin PBXBuildFile section */
		B2567BF82B187BAF004E51D8 /* AppDelegate.swift in Sources */ = {isa = PBXBuildFile; fileRef = B2567BF72B187BAF004E51D8 /* AppDelegate.swift */; };
		B2567BFA2B187BAF004E51D8 /* SceneDelegate.swift in Sources */ = {isa = PBXBuildFile; fileRef = B2567BF92B187BAF004E51D8 /* SceneDelegate.swift */; };
		B2567BFC2B187BAF004E51D8 /* ViewController.swift in Sources */ = {isa = PBXBuildFile; fileRef = B2567BFB2B187BAF004E51D8 /* ViewController.swift */; };
		B2567BFF2B187BAF004E51D8 /* Main.storyboard in Resources */ = {isa = PBXBuildFile; fileRef = B2567BFD2B187BAF004E51D8 /* Main.storyboard */; };
		B2567C012B187BB1004E51D8 /* Assets.xcassets in Resources */ = {isa = PBXBuildFile; fileRef = B2567C002B187BB1004E51D8 /* Assets.xcassets */; };
		B2567C042B187BB1004E51D8 /* LaunchScreen.storyboard in Resources */ = {isa = PBXBuildFile; fileRef = B2567C022B187BB1004E51D8 /* LaunchScreen.storyboard */; };
		B276E2E62B23E93F00E6565F /* CountryKit.swift in Sources */ = {isa = PBXBuildFile; fileRef = B276E2E02B23E93E00E6565F /* CountryKit.swift */; };
		B276E2E72B23E93F00E6565F /* AddressComponent.swift in Sources */ = {isa = PBXBuildFile; fileRef = B276E2E12B23E93E00E6565F /* AddressComponent.swift */; };
		B276E2E82B23E93F00E6565F /* String+Localize.swift in Sources */ = {isa = PBXBuildFile; fileRef = B276E2E22B23E93E00E6565F /* String+Localize.swift */; };
		B276E2E92B23E93F00E6565F /* Country.swift in Sources */ = {isa = PBXBuildFile; fileRef = B276E2E32B23E93E00E6565F /* Country.swift */; };
		B276E2EA2B23E93F00E6565F /* CountryProvider.swift in Sources */ = {isa = PBXBuildFile; fileRef = B276E2E42B23E93E00E6565F /* CountryProvider.swift */; };
		B276E2EB2B23E93F00E6565F /* AddressLabel.swift in Sources */ = {isa = PBXBuildFile; fileRef = B276E2E52B23E93E00E6565F /* AddressLabel.swift */; };
		B276E2ED2B23F03F00E6565F /* CountrySelectionPresenter.swift in Sources */ = {isa = PBXBuildFile; fileRef = B276E2EC2B23F03F00E6565F /* CountrySelectionPresenter.swift */; };
		B276E2EF2B23F07400E6565F /* CountrySection.swift in Sources */ = {isa = PBXBuildFile; fileRef = B276E2EE2B23F07400E6565F /* CountrySection.swift */; };
		B276E2F12B24AFDE00E6565F /* TextHighlighter.swift in Sources */ = {isa = PBXBuildFile; fileRef = B276E2F02B24AFDE00E6565F /* TextHighlighter.swift */; };
		B276E2F32B24B02300E6565F /* CountrySelectionViewModel.swift in Sources */ = {isa = PBXBuildFile; fileRef = B276E2F22B24B02300E6565F /* CountrySelectionViewModel.swift */; };
		B276E2F52B24B06F00E6565F /* UserInteractionStatus.swift in Sources */ = {isa = PBXBuildFile; fileRef = B276E2F42B24B06F00E6565F /* UserInteractionStatus.swift */; };
		B276E2F72B24B11100E6565F /* CountrySelectionConfig.swift in Sources */ = {isa = PBXBuildFile; fileRef = B276E2F62B24B11100E6565F /* CountrySelectionConfig.swift */; };
		B276E2FA2B24B56800E6565F /* CountryCell.swift in Sources */ = {isa = PBXBuildFile; fileRef = B276E2F82B24B56800E6565F /* CountryCell.swift */; };
		B276E2FB2B24B56800E6565F /* CountryCell.xib in Resources */ = {isa = PBXBuildFile; fileRef = B276E2F92B24B56800E6565F /* CountryCell.xib */; };
		B276E2FF2B24B66600E6565F /* FlagKit in Frameworks */ = {isa = PBXBuildFile; productRef = B276E2FE2B24B66600E6565F /* FlagKit */; };
		B276E3022B24B6A600E6565F /* FlagKit+Extensions.swift in Sources */ = {isa = PBXBuildFile; fileRef = B276E3012B24B6A600E6565F /* FlagKit+Extensions.swift */; };
		B276E3052B24BD7E00E6565F /* FooterCell.swift in Sources */ = {isa = PBXBuildFile; fileRef = B276E3032B24BD7E00E6565F /* FooterCell.swift */; };
		B276E3062B24BD7E00E6565F /* FooterCell.xib in Resources */ = {isa = PBXBuildFile; fileRef = B276E3042B24BD7E00E6565F /* FooterCell.xib */; };
		B276E3092B24BDE200E6565F /* NibLoadable.swift in Sources */ = {isa = PBXBuildFile; fileRef = B276E3082B24BDE200E6565F /* NibLoadable.swift */; };
		B276E30B2B24BF1F00E6565F /* FooterViewModel.swift in Sources */ = {isa = PBXBuildFile; fileRef = B276E30A2B24BF1F00E6565F /* FooterViewModel.swift */; };
		B276E30D2B25197200E6565F /* Localizable.strings in Resources */ = {isa = PBXBuildFile; fileRef = B276E30C2B25197200E6565F /* Localizable.strings */; };
		B276E30F2B25200700E6565F /* SingleCountrySelectionDelegate.swift in Sources */ = {isa = PBXBuildFile; fileRef = B276E30E2B25200700E6565F /* SingleCountrySelectionDelegate.swift */; };
/* End PBXBuildFile section */

/* Begin PBXFileReference section */
		B2567BF42B187BAF004E51D8 /* countrykit_example.app */ = {isa = PBXFileReference; explicitFileType = wrapper.application; includeInIndex = 0; path = countrykit_example.app; sourceTree = BUILT_PRODUCTS_DIR; };
		B2567BF72B187BAF004E51D8 /* AppDelegate.swift */ = {isa = PBXFileReference; lastKnownFileType = sourcecode.swift; path = AppDelegate.swift; sourceTree = "<group>"; };
		B2567BF92B187BAF004E51D8 /* SceneDelegate.swift */ = {isa = PBXFileReference; lastKnownFileType = sourcecode.swift; path = SceneDelegate.swift; sourceTree = "<group>"; };
		B2567BFB2B187BAF004E51D8 /* ViewController.swift */ = {isa = PBXFileReference; lastKnownFileType = sourcecode.swift; path = ViewController.swift; sourceTree = "<group>"; };
		B2567BFE2B187BAF004E51D8 /* Base */ = {isa = PBXFileReference; lastKnownFileType = file.storyboard; name = Base; path = Base.lproj/Main.storyboard; sourceTree = "<group>"; };
		B2567C002B187BB1004E51D8 /* Assets.xcassets */ = {isa = PBXFileReference; lastKnownFileType = folder.assetcatalog; path = Assets.xcassets; sourceTree = "<group>"; };
		B2567C032B187BB1004E51D8 /* Base */ = {isa = PBXFileReference; lastKnownFileType = file.storyboard; name = Base; path = Base.lproj/LaunchScreen.storyboard; sourceTree = "<group>"; };
		B2567C052B187BB1004E51D8 /* Info.plist */ = {isa = PBXFileReference; lastKnownFileType = text.plist.xml; path = Info.plist; sourceTree = "<group>"; };
		B276E2E02B23E93E00E6565F /* CountryKit.swift */ = {isa = PBXFileReference; fileEncoding = 4; lastKnownFileType = sourcecode.swift; path = CountryKit.swift; sourceTree = "<group>"; };
		B276E2E12B23E93E00E6565F /* AddressComponent.swift */ = {isa = PBXFileReference; fileEncoding = 4; lastKnownFileType = sourcecode.swift; path = AddressComponent.swift; sourceTree = "<group>"; };
		B276E2E22B23E93E00E6565F /* String+Localize.swift */ = {isa = PBXFileReference; fileEncoding = 4; lastKnownFileType = sourcecode.swift; path = "String+Localize.swift"; sourceTree = "<group>"; };
		B276E2E32B23E93E00E6565F /* Country.swift */ = {isa = PBXFileReference; fileEncoding = 4; lastKnownFileType = sourcecode.swift; path = Country.swift; sourceTree = "<group>"; };
		B276E2E42B23E93E00E6565F /* CountryProvider.swift */ = {isa = PBXFileReference; fileEncoding = 4; lastKnownFileType = sourcecode.swift; path = CountryProvider.swift; sourceTree = "<group>"; };
		B276E2E52B23E93E00E6565F /* AddressLabel.swift */ = {isa = PBXFileReference; fileEncoding = 4; lastKnownFileType = sourcecode.swift; path = AddressLabel.swift; sourceTree = "<group>"; };
		B276E2EC2B23F03F00E6565F /* CountrySelectionPresenter.swift */ = {isa = PBXFileReference; lastKnownFileType = sourcecode.swift; path = CountrySelectionPresenter.swift; sourceTree = "<group>"; };
		B276E2EE2B23F07400E6565F /* CountrySection.swift */ = {isa = PBXFileReference; lastKnownFileType = sourcecode.swift; path = CountrySection.swift; sourceTree = "<group>"; };
		B276E2F02B24AFDE00E6565F /* TextHighlighter.swift */ = {isa = PBXFileReference; lastKnownFileType = sourcecode.swift; path = TextHighlighter.swift; sourceTree = "<group>"; };
		B276E2F22B24B02300E6565F /* CountrySelectionViewModel.swift */ = {isa = PBXFileReference; lastKnownFileType = sourcecode.swift; path = CountrySelectionViewModel.swift; sourceTree = "<group>"; };
		B276E2F42B24B06F00E6565F /* UserInteractionStatus.swift */ = {isa = PBXFileReference; lastKnownFileType = sourcecode.swift; path = UserInteractionStatus.swift; sourceTree = "<group>"; };
		B276E2F62B24B11100E6565F /* CountrySelectionConfig.swift */ = {isa = PBXFileReference; lastKnownFileType = sourcecode.swift; path = CountrySelectionConfig.swift; sourceTree = "<group>"; };
		B276E2F82B24B56800E6565F /* CountryCell.swift */ = {isa = PBXFileReference; lastKnownFileType = sourcecode.swift; path = CountryCell.swift; sourceTree = "<group>"; };
		B276E2F92B24B56800E6565F /* CountryCell.xib */ = {isa = PBXFileReference; lastKnownFileType = file.xib; path = CountryCell.xib; sourceTree = "<group>"; };
		B276E3012B24B6A600E6565F /* FlagKit+Extensions.swift */ = {isa = PBXFileReference; lastKnownFileType = sourcecode.swift; path = "FlagKit+Extensions.swift"; sourceTree = "<group>"; };
		B276E3032B24BD7E00E6565F /* FooterCell.swift */ = {isa = PBXFileReference; lastKnownFileType = sourcecode.swift; path = FooterCell.swift; sourceTree = "<group>"; };
		B276E3042B24BD7E00E6565F /* FooterCell.xib */ = {isa = PBXFileReference; lastKnownFileType = file.xib; path = FooterCell.xib; sourceTree = "<group>"; };
		B276E3082B24BDE200E6565F /* NibLoadable.swift */ = {isa = PBXFileReference; lastKnownFileType = sourcecode.swift; path = NibLoadable.swift; sourceTree = "<group>"; };
		B276E30A2B24BF1F00E6565F /* FooterViewModel.swift */ = {isa = PBXFileReference; lastKnownFileType = sourcecode.swift; path = FooterViewModel.swift; sourceTree = "<group>"; };
		B276E30C2B25197200E6565F /* Localizable.strings */ = {isa = PBXFileReference; lastKnownFileType = text.plist.strings; path = Localizable.strings; sourceTree = "<group>"; };
		B276E30E2B25200700E6565F /* SingleCountrySelectionDelegate.swift */ = {isa = PBXFileReference; lastKnownFileType = sourcecode.swift; path = SingleCountrySelectionDelegate.swift; sourceTree = "<group>"; };
/* End PBXFileReference section */

/* Begin PBXFrameworksBuildPhase section */
		B2567BF12B187BAF004E51D8 /* Frameworks */ = {
			isa = PBXFrameworksBuildPhase;
			buildActionMask = 2147483647;
			files = (
				B276E2FF2B24B66600E6565F /* FlagKit in Frameworks */,
			);
			runOnlyForDeploymentPostprocessing = 0;
		};
/* End PBXFrameworksBuildPhase section */

/* Begin PBXGroup section */
		B2567BEB2B187BAF004E51D8 = {
			isa = PBXGroup;
			children = (
				B276E2DE2B23E93E00E6565F /* Sources */,
				B2567BF62B187BAF004E51D8 /* countrykit_example */,
				B2567BF52B187BAF004E51D8 /* Products */,
			);
			sourceTree = "<group>";
		};
		B2567BF52B187BAF004E51D8 /* Products */ = {
			isa = PBXGroup;
			children = (
				B2567BF42B187BAF004E51D8 /* countrykit_example.app */,
			);
			name = Products;
			sourceTree = "<group>";
		};
		B2567BF62B187BAF004E51D8 /* countrykit_example */ = {
			isa = PBXGroup;
			children = (
				B276E3072B24BDD600E6565F /* shared */,
				B276E3002B24B69900E6565F /* flag */,
				B276E2FC2B24B5C400E6565F /* country */,
				B2567BF72B187BAF004E51D8 /* AppDelegate.swift */,
				B2567BF92B187BAF004E51D8 /* SceneDelegate.swift */,
				B2567BFB2B187BAF004E51D8 /* ViewController.swift */,
				B2567BFD2B187BAF004E51D8 /* Main.storyboard */,
				B2567C002B187BB1004E51D8 /* Assets.xcassets */,
				B2567C022B187BB1004E51D8 /* LaunchScreen.storyboard */,
				B2567C052B187BB1004E51D8 /* Info.plist */,
			);
			path = countrykit_example;
			sourceTree = "<group>";
		};
		B276E2DE2B23E93E00E6565F /* Sources */ = {
			isa = PBXGroup;
			children = (
				B276E2DF2B23E93E00E6565F /* CountryKit */,
			);
			name = Sources;
			path = ../Sources;
			sourceTree = "<group>";
		};
		B276E2DF2B23E93E00E6565F /* CountryKit */ = {
			isa = PBXGroup;
			children = (
				B276E2E02B23E93E00E6565F /* CountryKit.swift */,
				B276E2E12B23E93E00E6565F /* AddressComponent.swift */,
				B276E2E22B23E93E00E6565F /* String+Localize.swift */,
				B276E2E32B23E93E00E6565F /* Country.swift */,
				B276E2E42B23E93E00E6565F /* CountryProvider.swift */,
				B276E2E52B23E93E00E6565F /* AddressLabel.swift */,
			);
			path = CountryKit;
			sourceTree = "<group>";
		};
		B276E2FC2B24B5C400E6565F /* country */ = {
			isa = PBXGroup;
			children = (
				B276E2F82B24B56800E6565F /* CountryCell.swift */,
				B276E2F92B24B56800E6565F /* CountryCell.xib */,
				B276E2F62B24B11100E6565F /* CountrySelectionConfig.swift */,
				B276E2F22B24B02300E6565F /* CountrySelectionViewModel.swift */,
				B276E2EE2B23F07400E6565F /* CountrySection.swift */,
				B276E2EC2B23F03F00E6565F /* CountrySelectionPresenter.swift */,
				B276E30E2B25200700E6565F /* SingleCountrySelectionDelegate.swift */,
			);
			path = country;
			sourceTree = "<group>";
		};
		B276E3002B24B69900E6565F /* flag */ = {
			isa = PBXGroup;
			children = (
				B276E3012B24B6A600E6565F /* FlagKit+Extensions.swift */,
			);
			path = flag;
			sourceTree = "<group>";
		};
		B276E3072B24BDD600E6565F /* shared */ = {
			isa = PBXGroup;
			children = (
				B276E30C2B25197200E6565F /* Localizable.strings */,
				B276E3082B24BDE200E6565F /* NibLoadable.swift */,
				B276E2F02B24AFDE00E6565F /* TextHighlighter.swift */,
				B276E2F42B24B06F00E6565F /* UserInteractionStatus.swift */,
				B276E3032B24BD7E00E6565F /* FooterCell.swift */,
				B276E3042B24BD7E00E6565F /* FooterCell.xib */,
				B276E30A2B24BF1F00E6565F /* FooterViewModel.swift */,
			);
			path = shared;
			sourceTree = "<group>";
		};
/* End PBXGroup section */

/* Begin PBXNativeTarget section */
		B2567BF32B187BAF004E51D8 /* countrykit_example */ = {
			isa = PBXNativeTarget;
			buildConfigurationList = B2567C082B187BB1004E51D8 /* Build configuration list for PBXNativeTarget "countrykit_example" */;
			buildPhases = (
				B2567BF02B187BAF004E51D8 /* Sources */,
				B2567BF12B187BAF004E51D8 /* Frameworks */,
				B2567BF22B187BAF004E51D8 /* Resources */,
			);
			buildRules = (
			);
			dependencies = (
			);
			name = countrykit_example;
			packageProductDependencies = (
				B276E2FE2B24B66600E6565F /* FlagKit */,
			);
			productName = countrykit_example;
			productReference = B2567BF42B187BAF004E51D8 /* countrykit_example.app */;
			productType = "com.apple.product-type.application";
		};
/* End PBXNativeTarget section */

/* Begin PBXProject section */
		B2567BEC2B187BAF004E51D8 /* Project object */ = {
			isa = PBXProject;
			attributes = {
				BuildIndependentTargetsInParallel = 1;
				LastSwiftUpdateCheck = 1410;
				LastUpgradeCheck = 1410;
				TargetAttributes = {
					B2567BF32B187BAF004E51D8 = {
						CreatedOnToolsVersion = 14.1;
					};
				};
			};
			buildConfigurationList = B2567BEF2B187BAF004E51D8 /* Build configuration list for PBXProject "countrykit_example" */;
			compatibilityVersion = "Xcode 14.0";
			developmentRegion = en;
			hasScannedForEncodings = 0;
			knownRegions = (
				en,
				Base,
			);
			mainGroup = B2567BEB2B187BAF004E51D8;
			packageReferences = (
				B276E2FD2B24B66600E6565F /* XCRemoteSwiftPackageReference "FlagKit" */,
			);
			productRefGroup = B2567BF52B187BAF004E51D8 /* Products */;
			projectDirPath = "";
			projectRoot = "";
			targets = (
				B2567BF32B187BAF004E51D8 /* countrykit_example */,
			);
		};
/* End PBXProject section */

/* Begin PBXResourcesBuildPhase section */
		B2567BF22B187BAF004E51D8 /* Resources */ = {
			isa = PBXResourcesBuildPhase;
			buildActionMask = 2147483647;
			files = (
				B276E2FB2B24B56800E6565F /* CountryCell.xib in Resources */,
				B276E30D2B25197200E6565F /* Localizable.strings in Resources */,
				B2567C042B187BB1004E51D8 /* LaunchScreen.storyboard in Resources */,
				B276E3062B24BD7E00E6565F /* FooterCell.xib in Resources */,
				B2567C012B187BB1004E51D8 /* Assets.xcassets in Resources */,
				B2567BFF2B187BAF004E51D8 /* Main.storyboard in Resources */,
			);
			runOnlyForDeploymentPostprocessing = 0;
		};
/* End PBXResourcesBuildPhase section */

/* Begin PBXSourcesBuildPhase section */
		B2567BF02B187BAF004E51D8 /* Sources */ = {
			isa = PBXSourcesBuildPhase;
			buildActionMask = 2147483647;
			files = (
				B276E2FA2B24B56800E6565F /* CountryCell.swift in Sources */,
				B276E2F12B24AFDE00E6565F /* TextHighlighter.swift in Sources */,
				B276E30F2B25200700E6565F /* SingleCountrySelectionDelegate.swift in Sources */,
				B276E2E92B23E93F00E6565F /* Country.swift in Sources */,
				B276E2EB2B23E93F00E6565F /* AddressLabel.swift in Sources */,
				B276E3052B24BD7E00E6565F /* FooterCell.swift in Sources */,
				B276E2EF2B23F07400E6565F /* CountrySection.swift in Sources */,
				B2567BFC2B187BAF004E51D8 /* ViewController.swift in Sources */,
				B276E2F52B24B06F00E6565F /* UserInteractionStatus.swift in Sources */,
				B276E3092B24BDE200E6565F /* NibLoadable.swift in Sources */,
				B2567BF82B187BAF004E51D8 /* AppDelegate.swift in Sources */,
				B276E2ED2B23F03F00E6565F /* CountrySelectionPresenter.swift in Sources */,
				B2567BFA2B187BAF004E51D8 /* SceneDelegate.swift in Sources */,
				B276E2E72B23E93F00E6565F /* AddressComponent.swift in Sources */,
				B276E2E62B23E93F00E6565F /* CountryKit.swift in Sources */,
				B276E2F72B24B11100E6565F /* CountrySelectionConfig.swift in Sources */,
				B276E2F32B24B02300E6565F /* CountrySelectionViewModel.swift in Sources */,
				B276E3022B24B6A600E6565F /* FlagKit+Extensions.swift in Sources */,
				B276E2E82B23E93F00E6565F /* String+Localize.swift in Sources */,
				B276E2EA2B23E93F00E6565F /* CountryProvider.swift in Sources */,
				B276E30B2B24BF1F00E6565F /* FooterViewModel.swift in Sources */,
			);
			runOnlyForDeploymentPostprocessing = 0;
		};
/* End PBXSourcesBuildPhase section */

/* Begin PBXVariantGroup section */
		B2567BFD2B187BAF004E51D8 /* Main.storyboard */ = {
			isa = PBXVariantGroup;
			children = (
				B2567BFE2B187BAF004E51D8 /* Base */,
			);
			name = Main.storyboard;
			sourceTree = "<group>";
		};
		B2567C022B187BB1004E51D8 /* LaunchScreen.storyboard */ = {
			isa = PBXVariantGroup;
			children = (
				B2567C032B187BB1004E51D8 /* Base */,
			);
			name = LaunchScreen.storyboard;
			sourceTree = "<group>";
		};
/* End PBXVariantGroup section */

/* Begin XCBuildConfiguration section */
		B2567C062B187BB1004E51D8 /* Debug */ = {
			isa = XCBuildConfiguration;
			buildSettings = {
				ALWAYS_SEARCH_USER_PATHS = NO;
				CLANG_ANALYZER_NONNULL = YES;
				CLANG_ANALYZER_NUMBER_OBJECT_CONVERSION = YES_AGGRESSIVE;
				CLANG_CXX_LANGUAGE_STANDARD = "gnu++20";
				CLANG_ENABLE_MODULES = YES;
				CLANG_ENABLE_OBJC_ARC = YES;
				CLANG_ENABLE_OBJC_WEAK = YES;
				CLANG_WARN_BLOCK_CAPTURE_AUTORELEASING = YES;
				CLANG_WARN_BOOL_CONVERSION = YES;
				CLANG_WARN_COMMA = YES;
				CLANG_WARN_CONSTANT_CONVERSION = YES;
				CLANG_WARN_DEPRECATED_OBJC_IMPLEMENTATIONS = YES;
				CLANG_WARN_DIRECT_OBJC_ISA_USAGE = YES_ERROR;
				CLANG_WARN_DOCUMENTATION_COMMENTS = YES;
				CLANG_WARN_EMPTY_BODY = YES;
				CLANG_WARN_ENUM_CONVERSION = YES;
				CLANG_WARN_INFINITE_RECURSION = YES;
				CLANG_WARN_INT_CONVERSION = YES;
				CLANG_WARN_NON_LITERAL_NULL_CONVERSION = YES;
				CLANG_WARN_OBJC_IMPLICIT_RETAIN_SELF = YES;
				CLANG_WARN_OBJC_LITERAL_CONVERSION = YES;
				CLANG_WARN_OBJC_ROOT_CLASS = YES_ERROR;
				CLANG_WARN_QUOTED_INCLUDE_IN_FRAMEWORK_HEADER = YES;
				CLANG_WARN_RANGE_LOOP_ANALYSIS = YES;
				CLANG_WARN_STRICT_PROTOTYPES = YES;
				CLANG_WARN_SUSPICIOUS_MOVE = YES;
				CLANG_WARN_UNGUARDED_AVAILABILITY = YES_AGGRESSIVE;
				CLANG_WARN_UNREACHABLE_CODE = YES;
				CLANG_WARN__DUPLICATE_METHOD_MATCH = YES;
				COPY_PHASE_STRIP = NO;
				DEBUG_INFORMATION_FORMAT = dwarf;
				ENABLE_STRICT_OBJC_MSGSEND = YES;
				ENABLE_TESTABILITY = YES;
				GCC_C_LANGUAGE_STANDARD = gnu11;
				GCC_DYNAMIC_NO_PIC = NO;
				GCC_NO_COMMON_BLOCKS = YES;
				GCC_OPTIMIZATION_LEVEL = 0;
				GCC_PREPROCESSOR_DEFINITIONS = (
					"DEBUG=1",
					"$(inherited)",
				);
				GCC_WARN_64_TO_32_BIT_CONVERSION = YES;
				GCC_WARN_ABOUT_RETURN_TYPE = YES_ERROR;
				GCC_WARN_UNDECLARED_SELECTOR = YES;
				GCC_WARN_UNINITIALIZED_AUTOS = YES_AGGRESSIVE;
				GCC_WARN_UNUSED_FUNCTION = YES;
				GCC_WARN_UNUSED_VARIABLE = YES;
				IPHONEOS_DEPLOYMENT_TARGET = 15.0;
				MTL_ENABLE_DEBUG_INFO = INCLUDE_SOURCE;
				MTL_FAST_MATH = YES;
				ONLY_ACTIVE_ARCH = YES;
				SDKROOT = iphoneos;
				SWIFT_ACTIVE_COMPILATION_CONDITIONS = DEBUG;
				SWIFT_OPTIMIZATION_LEVEL = "-Onone";
			};
			name = Debug;
		};
		B2567C072B187BB1004E51D8 /* Release */ = {
			isa = XCBuildConfiguration;
			buildSettings = {
				ALWAYS_SEARCH_USER_PATHS = NO;
				CLANG_ANALYZER_NONNULL = YES;
				CLANG_ANALYZER_NUMBER_OBJECT_CONVERSION = YES_AGGRESSIVE;
				CLANG_CXX_LANGUAGE_STANDARD = "gnu++20";
				CLANG_ENABLE_MODULES = YES;
				CLANG_ENABLE_OBJC_ARC = YES;
				CLANG_ENABLE_OBJC_WEAK = YES;
				CLANG_WARN_BLOCK_CAPTURE_AUTORELEASING = YES;
				CLANG_WARN_BOOL_CONVERSION = YES;
				CLANG_WARN_COMMA = YES;
				CLANG_WARN_CONSTANT_CONVERSION = YES;
				CLANG_WARN_DEPRECATED_OBJC_IMPLEMENTATIONS = YES;
				CLANG_WARN_DIRECT_OBJC_ISA_USAGE = YES_ERROR;
				CLANG_WARN_DOCUMENTATION_COMMENTS = YES;
				CLANG_WARN_EMPTY_BODY = YES;
				CLANG_WARN_ENUM_CONVERSION = YES;
				CLANG_WARN_INFINITE_RECURSION = YES;
				CLANG_WARN_INT_CONVERSION = YES;
				CLANG_WARN_NON_LITERAL_NULL_CONVERSION = YES;
				CLANG_WARN_OBJC_IMPLICIT_RETAIN_SELF = YES;
				CLANG_WARN_OBJC_LITERAL_CONVERSION = YES;
				CLANG_WARN_OBJC_ROOT_CLASS = YES_ERROR;
				CLANG_WARN_QUOTED_INCLUDE_IN_FRAMEWORK_HEADER = YES;
				CLANG_WARN_RANGE_LOOP_ANALYSIS = YES;
				CLANG_WARN_STRICT_PROTOTYPES = YES;
				CLANG_WARN_SUSPICIOUS_MOVE = YES;
				CLANG_WARN_UNGUARDED_AVAILABILITY = YES_AGGRESSIVE;
				CLANG_WARN_UNREACHABLE_CODE = YES;
				CLANG_WARN__DUPLICATE_METHOD_MATCH = YES;
				COPY_PHASE_STRIP = NO;
				DEBUG_INFORMATION_FORMAT = "dwarf-with-dsym";
				ENABLE_NS_ASSERTIONS = NO;
				ENABLE_STRICT_OBJC_MSGSEND = YES;
				GCC_C_LANGUAGE_STANDARD = gnu11;
				GCC_NO_COMMON_BLOCKS = YES;
				GCC_WARN_64_TO_32_BIT_CONVERSION = YES;
				GCC_WARN_ABOUT_RETURN_TYPE = YES_ERROR;
				GCC_WARN_UNDECLARED_SELECTOR = YES;
				GCC_WARN_UNINITIALIZED_AUTOS = YES_AGGRESSIVE;
				GCC_WARN_UNUSED_FUNCTION = YES;
				GCC_WARN_UNUSED_VARIABLE = YES;
				IPHONEOS_DEPLOYMENT_TARGET = 15.0;
				MTL_ENABLE_DEBUG_INFO = NO;
				MTL_FAST_MATH = YES;
				SDKROOT = iphoneos;
				SWIFT_COMPILATION_MODE = wholemodule;
				SWIFT_OPTIMIZATION_LEVEL = "-O";
				VALIDATE_PRODUCT = YES;
			};
			name = Release;
		};
		B2567C092B187BB1004E51D8 /* Debug */ = {
			isa = XCBuildConfiguration;
			buildSettings = {
				ASSETCATALOG_COMPILER_APPICON_NAME = AppIcon;
				ASSETCATALOG_COMPILER_GLOBAL_ACCENT_COLOR_NAME = AccentColor;
				CODE_SIGN_STYLE = Automatic;
				CURRENT_PROJECT_VERSION = 1;
				DEVELOPMENT_TEAM = HP649B9867;
				GENERATE_INFOPLIST_FILE = YES;
				INFOPLIST_FILE = countrykit_example/Info.plist;
				INFOPLIST_KEY_UIApplicationSupportsIndirectInputEvents = YES;
				INFOPLIST_KEY_UILaunchStoryboardName = LaunchScreen;
				INFOPLIST_KEY_UIMainStoryboardFile = Main;
				INFOPLIST_KEY_UISupportedInterfaceOrientations_iPad = "UIInterfaceOrientationPortrait UIInterfaceOrientationPortraitUpsideDown UIInterfaceOrientationLandscapeLeft UIInterfaceOrientationLandscapeRight";
				INFOPLIST_KEY_UISupportedInterfaceOrientations_iPhone = "UIInterfaceOrientationPortrait UIInterfaceOrientationLandscapeLeft UIInterfaceOrientationLandscapeRight";
				LD_RUNPATH_SEARCH_PATHS = (
					"$(inherited)",
					"@executable_path/Frameworks",
				);
				MARKETING_VERSION = 1.0;
				PRODUCT_BUNDLE_IDENTIFIER = "com.company.countrykit-example";
				PRODUCT_NAME = "$(TARGET_NAME)";
				SWIFT_EMIT_LOC_STRINGS = YES;
				SWIFT_VERSION = 5.0;
				TARGETED_DEVICE_FAMILY = "1,2";
			};
			name = Debug;
		};
		B2567C0A2B187BB1004E51D8 /* Release */ = {
			isa = XCBuildConfiguration;
			buildSettings = {
				ASSETCATALOG_COMPILER_APPICON_NAME = AppIcon;
				ASSETCATALOG_COMPILER_GLOBAL_ACCENT_COLOR_NAME = AccentColor;
				CODE_SIGN_STYLE = Automatic;
				CURRENT_PROJECT_VERSION = 1;
				DEVELOPMENT_TEAM = HP649B9867;
				GENERATE_INFOPLIST_FILE = YES;
				INFOPLIST_FILE = countrykit_example/Info.plist;
				INFOPLIST_KEY_UIApplicationSupportsIndirectInputEvents = YES;
				INFOPLIST_KEY_UILaunchStoryboardName = LaunchScreen;
				INFOPLIST_KEY_UIMainStoryboardFile = Main;
				INFOPLIST_KEY_UISupportedInterfaceOrientations_iPad = "UIInterfaceOrientationPortrait UIInterfaceOrientationPortraitUpsideDown UIInterfaceOrientationLandscapeLeft UIInterfaceOrientationLandscapeRight";
				INFOPLIST_KEY_UISupportedInterfaceOrientations_iPhone = "UIInterfaceOrientationPortrait UIInterfaceOrientationLandscapeLeft UIInterfaceOrientationLandscapeRight";
				LD_RUNPATH_SEARCH_PATHS = (
					"$(inherited)",
					"@executable_path/Frameworks",
				);
				MARKETING_VERSION = 1.0;
				PRODUCT_BUNDLE_IDENTIFIER = "com.company.countrykit-example";
				PRODUCT_NAME = "$(TARGET_NAME)";
				SWIFT_EMIT_LOC_STRINGS = YES;
				SWIFT_VERSION = 5.0;
				TARGETED_DEVICE_FAMILY = "1,2";
			};
			name = Release;
		};
/* End XCBuildConfiguration section */

/* Begin XCConfigurationList section */
		B2567BEF2B187BAF004E51D8 /* Build configuration list for PBXProject "countrykit_example" */ = {
			isa = XCConfigurationList;
			buildConfigurations = (
				B2567C062B187BB1004E51D8 /* Debug */,
				B2567C072B187BB1004E51D8 /* Release */,
			);
			defaultConfigurationIsVisible = 0;
			defaultConfigurationName = Release;
		};
		B2567C082B187BB1004E51D8 /* Build configuration list for PBXNativeTarget "countrykit_example" */ = {
			isa = XCConfigurationList;
			buildConfigurations = (
				B2567C092B187BB1004E51D8 /* Debug */,
				B2567C0A2B187BB1004E51D8 /* Release */,
			);
			defaultConfigurationIsVisible = 0;
			defaultConfigurationName = Release;
		};
/* End XCConfigurationList section */

/* Begin XCRemoteSwiftPackageReference section */
		B276E2FD2B24B66600E6565F /* XCRemoteSwiftPackageReference "FlagKit" */ = {
			isa = XCRemoteSwiftPackageReference;
			repositoryURL = "https://github.com/madebybowtie/FlagKit";
			requirement = {
				kind = upToNextMajorVersion;
				minimumVersion = 2.0.0;
			};
		};
/* End XCRemoteSwiftPackageReference section */

/* Begin XCSwiftPackageProductDependency section */
		B276E2FE2B24B66600E6565F /* FlagKit */ = {
			isa = XCSwiftPackageProductDependency;
			package = B276E2FD2B24B66600E6565F /* XCRemoteSwiftPackageReference "FlagKit" */;
			productName = FlagKit;
		};
/* End XCSwiftPackageProductDependency section */
	};
	rootObject = B2567BEC2B187BAF004E51D8 /* Project object */;
}
