// !$*UTF8*$!
{
	archiveVersion = 1;
	classes = {
	};
	objectVersion = 56;
	objects = {

/* Begin PBXBuildFile section */
		B22D4F632B26206500B8F1F9 /* CountrySection.swift in Sources */ = {isa = PBXBuildFile; fileRef = B22D4F492B26206500B8F1F9 /* CountrySection.swift */; };
		B22D4F642B26206500B8F1F9 /* CountrySelectionPresenter.swift in Sources */ = {isa = PBXBuildFile; fileRef = B22D4F4A2B26206500B8F1F9 /* CountrySelectionPresenter.swift */; };
		B22D4F652B26206500B8F1F9 /* CountrySelectionConfig.swift in Sources */ = {isa = PBXBuildFile; fileRef = B22D4F4B2B26206500B8F1F9 /* CountrySelectionConfig.swift */; };
		B22D4F662B26206500B8F1F9 /* CountrySelectionDelegate.swift in Sources */ = {isa = PBXBuildFile; fileRef = B22D4F4C2B26206500B8F1F9 /* CountrySelectionDelegate.swift */; };
		B22D4F672B26206500B8F1F9 /* CountryCell.xib in Resources */ = {isa = PBXBuildFile; fileRef = B22D4F4D2B26206500B8F1F9 /* CountryCell.xib */; };
		B22D4F682B26206500B8F1F9 /* CountrySelectionViewController.swift in Sources */ = {isa = PBXBuildFile; fileRef = B22D4F4E2B26206500B8F1F9 /* CountrySelectionViewController.swift */; };
		B22D4F692B26206500B8F1F9 /* CountryViewModel.swift in Sources */ = {isa = PBXBuildFile; fileRef = B22D4F4F2B26206500B8F1F9 /* CountryViewModel.swift */; };
		B22D4F6A2B26206500B8F1F9 /* CountryCell.swift in Sources */ = {isa = PBXBuildFile; fileRef = B22D4F502B26206500B8F1F9 /* CountryCell.swift */; };
		B22D4F6B2B26206500B8F1F9 /* FlagKit+Extensions.swift in Sources */ = {isa = PBXBuildFile; fileRef = B22D4F522B26206500B8F1F9 /* FlagKit+Extensions.swift */; };
		B22D4F6C2B26206500B8F1F9 /* CountryKit.swift in Sources */ = {isa = PBXBuildFile; fileRef = B22D4F532B26206500B8F1F9 /* CountryKit.swift */; };
		B22D4F6D2B26206500B8F1F9 /* FooterCell.swift in Sources */ = {isa = PBXBuildFile; fileRef = B22D4F552B26206500B8F1F9 /* FooterCell.swift */; };
		B22D4F6E2B26206500B8F1F9 /* UserInteractionStatus.swift in Sources */ = {isa = PBXBuildFile; fileRef = B22D4F562B26206500B8F1F9 /* UserInteractionStatus.swift */; };
		B22D4F6F2B26206500B8F1F9 /* FooterViewModel.swift in Sources */ = {isa = PBXBuildFile; fileRef = B22D4F572B26206500B8F1F9 /* FooterViewModel.swift */; };
		B22D4F702B26206500B8F1F9 /* String+Localize.swift in Sources */ = {isa = PBXBuildFile; fileRef = B22D4F582B26206500B8F1F9 /* String+Localize.swift */; };
		B22D4F712B26206500B8F1F9 /* Localizable.strings in Resources */ = {isa = PBXBuildFile; fileRef = B22D4F592B26206500B8F1F9 /* Localizable.strings */; };
		B22D4F722B26206500B8F1F9 /* TextHighlighter.swift in Sources */ = {isa = PBXBuildFile; fileRef = B22D4F5A2B26206500B8F1F9 /* TextHighlighter.swift */; };
		B22D4F732B26206500B8F1F9 /* FooterCell.xib in Resources */ = {isa = PBXBuildFile; fileRef = B22D4F5B2B26206500B8F1F9 /* FooterCell.xib */; };
		B22D4F742B26206500B8F1F9 /* NibLoadable.swift in Sources */ = {isa = PBXBuildFile; fileRef = B22D4F5C2B26206500B8F1F9 /* NibLoadable.swift */; };
		B22D4F752B26206500B8F1F9 /* AddressComponent.swift in Sources */ = {isa = PBXBuildFile; fileRef = B22D4F5E2B26206500B8F1F9 /* AddressComponent.swift */; };
		B22D4F762B26206500B8F1F9 /* AddressLabel.swift in Sources */ = {isa = PBXBuildFile; fileRef = B22D4F5F2B26206500B8F1F9 /* AddressLabel.swift */; };
		B22D4F772B26206500B8F1F9 /* Country.swift in Sources */ = {isa = PBXBuildFile; fileRef = B22D4F612B26206500B8F1F9 /* Country.swift */; };
		B22D4F782B26206500B8F1F9 /* CountryProvider.swift in Sources */ = {isa = PBXBuildFile; fileRef = B22D4F622B26206500B8F1F9 /* CountryProvider.swift */; };
		B22D4F7B2B26220F00B8F1F9 /* FlagKit in Frameworks */ = {isa = PBXBuildFile; productRef = B22D4F7A2B26220F00B8F1F9 /* FlagKit */; };
		B22D4F7D2B26229C00B8F1F9 /* CountrySelectionViewController.xib in Resources */ = {isa = PBXBuildFile; fileRef = B22D4F7C2B26229C00B8F1F9 /* CountrySelectionViewController.xib */; };
		B22D4F7F2B26477500B8F1F9 /* CellSelectionMeta.swift in Sources */ = {isa = PBXBuildFile; fileRef = B22D4F7E2B26477500B8F1F9 /* CellSelectionMeta.swift */; };
		B22D4F822B264EA700B8F1F9 /* SelectedCountryCell.swift in Sources */ = {isa = PBXBuildFile; fileRef = B22D4F802B264EA700B8F1F9 /* SelectedCountryCell.swift */; };
		B22D4F832B264EA700B8F1F9 /* SelectedCountryCell.xib in Resources */ = {isa = PBXBuildFile; fileRef = B22D4F812B264EA700B8F1F9 /* SelectedCountryCell.xib */; };
		B22D4F852B265CEB00B8F1F9 /* UIView+RoundedCorner.swift in Sources */ = {isa = PBXBuildFile; fileRef = B22D4F842B265CEB00B8F1F9 /* UIView+RoundedCorner.swift */; };
		B22D4F882B26C85700B8F1F9 /* InstructionsViewController.swift in Sources */ = {isa = PBXBuildFile; fileRef = B22D4F862B26C85700B8F1F9 /* InstructionsViewController.swift */; };
		B22D4F892B26C85700B8F1F9 /* InstructionsViewController.xib in Resources */ = {isa = PBXBuildFile; fileRef = B22D4F872B26C85700B8F1F9 /* InstructionsViewController.xib */; };
		B24FD17B2B255B84009CA1BD /* ExampleViewController.swift in Sources */ = {isa = PBXBuildFile; fileRef = B24FD17A2B255B84009CA1BD /* ExampleViewController.swift */; };
		B24FD17D2B26102D009CA1BD /* ExampleViewController.xib in Resources */ = {isa = PBXBuildFile; fileRef = B24FD17C2B26102D009CA1BD /* ExampleViewController.xib */; };
		B24FD1802B261BAE009CA1BD /* Composure in Frameworks */ = {isa = PBXBuildFile; productRef = B24FD17F2B261BAE009CA1BD /* Composure */; };
		B2567BF82B187BAF004E51D8 /* AppDelegate.swift in Sources */ = {isa = PBXBuildFile; fileRef = B2567BF72B187BAF004E51D8 /* AppDelegate.swift */; };
		B2567BFA2B187BAF004E51D8 /* SceneDelegate.swift in Sources */ = {isa = PBXBuildFile; fileRef = B2567BF92B187BAF004E51D8 /* SceneDelegate.swift */; };
		B2567BFF2B187BAF004E51D8 /* Main.storyboard in Resources */ = {isa = PBXBuildFile; fileRef = B2567BFD2B187BAF004E51D8 /* Main.storyboard */; };
		B2567C012B187BB1004E51D8 /* Assets.xcassets in Resources */ = {isa = PBXBuildFile; fileRef = B2567C002B187BB1004E51D8 /* Assets.xcassets */; };
		B2567C042B187BB1004E51D8 /* LaunchScreen.storyboard in Resources */ = {isa = PBXBuildFile; fileRef = B2567C022B187BB1004E51D8 /* LaunchScreen.storyboard */; };
/* End PBXBuildFile section */

/* Begin PBXFileReference section */
		B22D4F492B26206500B8F1F9 /* CountrySection.swift */ = {isa = PBXFileReference; fileEncoding = 4; lastKnownFileType = sourcecode.swift; path = CountrySection.swift; sourceTree = "<group>"; };
		B22D4F4A2B26206500B8F1F9 /* CountrySelectionPresenter.swift */ = {isa = PBXFileReference; fileEncoding = 4; lastKnownFileType = sourcecode.swift; path = CountrySelectionPresenter.swift; sourceTree = "<group>"; };
		B22D4F4B2B26206500B8F1F9 /* CountrySelectionConfig.swift */ = {isa = PBXFileReference; fileEncoding = 4; lastKnownFileType = sourcecode.swift; path = CountrySelectionConfig.swift; sourceTree = "<group>"; };
		B22D4F4C2B26206500B8F1F9 /* CountrySelectionDelegate.swift */ = {isa = PBXFileReference; fileEncoding = 4; lastKnownFileType = sourcecode.swift; path = CountrySelectionDelegate.swift; sourceTree = "<group>"; };
		B22D4F4D2B26206500B8F1F9 /* CountryCell.xib */ = {isa = PBXFileReference; fileEncoding = 4; lastKnownFileType = file.xib; path = CountryCell.xib; sourceTree = "<group>"; };
		B22D4F4E2B26206500B8F1F9 /* CountrySelectionViewController.swift */ = {isa = PBXFileReference; fileEncoding = 4; lastKnownFileType = sourcecode.swift; path = CountrySelectionViewController.swift; sourceTree = "<group>"; };
		B22D4F4F2B26206500B8F1F9 /* CountryViewModel.swift */ = {isa = PBXFileReference; fileEncoding = 4; lastKnownFileType = sourcecode.swift; path = CountryViewModel.swift; sourceTree = "<group>"; };
		B22D4F502B26206500B8F1F9 /* CountryCell.swift */ = {isa = PBXFileReference; fileEncoding = 4; lastKnownFileType = sourcecode.swift; path = CountryCell.swift; sourceTree = "<group>"; };
		B22D4F522B26206500B8F1F9 /* FlagKit+Extensions.swift */ = {isa = PBXFileReference; fileEncoding = 4; lastKnownFileType = sourcecode.swift; path = "FlagKit+Extensions.swift"; sourceTree = "<group>"; };
		B22D4F532B26206500B8F1F9 /* CountryKit.swift */ = {isa = PBXFileReference; fileEncoding = 4; lastKnownFileType = sourcecode.swift; path = CountryKit.swift; sourceTree = "<group>"; };
		B22D4F552B26206500B8F1F9 /* FooterCell.swift */ = {isa = PBXFileReference; fileEncoding = 4; lastKnownFileType = sourcecode.swift; path = FooterCell.swift; sourceTree = "<group>"; };
		B22D4F562B26206500B8F1F9 /* UserInteractionStatus.swift */ = {isa = PBXFileReference; fileEncoding = 4; lastKnownFileType = sourcecode.swift; path = UserInteractionStatus.swift; sourceTree = "<group>"; };
		B22D4F572B26206500B8F1F9 /* FooterViewModel.swift */ = {isa = PBXFileReference; fileEncoding = 4; lastKnownFileType = sourcecode.swift; path = FooterViewModel.swift; sourceTree = "<group>"; };
		B22D4F582B26206500B8F1F9 /* String+Localize.swift */ = {isa = PBXFileReference; fileEncoding = 4; lastKnownFileType = sourcecode.swift; path = "String+Localize.swift"; sourceTree = "<group>"; };
		B22D4F592B26206500B8F1F9 /* Localizable.strings */ = {isa = PBXFileReference; fileEncoding = 4; lastKnownFileType = text.plist.strings; path = Localizable.strings; sourceTree = "<group>"; };
		B22D4F5A2B26206500B8F1F9 /* TextHighlighter.swift */ = {isa = PBXFileReference; fileEncoding = 4; lastKnownFileType = sourcecode.swift; path = TextHighlighter.swift; sourceTree = "<group>"; };
		B22D4F5B2B26206500B8F1F9 /* FooterCell.xib */ = {isa = PBXFileReference; fileEncoding = 4; lastKnownFileType = file.xib; path = FooterCell.xib; sourceTree = "<group>"; };
		B22D4F5C2B26206500B8F1F9 /* NibLoadable.swift */ = {isa = PBXFileReference; fileEncoding = 4; lastKnownFileType = sourcecode.swift; path = NibLoadable.swift; sourceTree = "<group>"; };
		B22D4F5E2B26206500B8F1F9 /* AddressComponent.swift */ = {isa = PBXFileReference; fileEncoding = 4; lastKnownFileType = sourcecode.swift; path = AddressComponent.swift; sourceTree = "<group>"; };
		B22D4F5F2B26206500B8F1F9 /* AddressLabel.swift */ = {isa = PBXFileReference; fileEncoding = 4; lastKnownFileType = sourcecode.swift; path = AddressLabel.swift; sourceTree = "<group>"; };
		B22D4F612B26206500B8F1F9 /* Country.swift */ = {isa = PBXFileReference; fileEncoding = 4; lastKnownFileType = sourcecode.swift; path = Country.swift; sourceTree = "<group>"; };
		B22D4F622B26206500B8F1F9 /* CountryProvider.swift */ = {isa = PBXFileReference; fileEncoding = 4; lastKnownFileType = sourcecode.swift; path = CountryProvider.swift; sourceTree = "<group>"; };
		B22D4F7C2B26229C00B8F1F9 /* CountrySelectionViewController.xib */ = {isa = PBXFileReference; lastKnownFileType = file.xib; path = CountrySelectionViewController.xib; sourceTree = "<group>"; };
		B22D4F7E2B26477500B8F1F9 /* CellSelectionMeta.swift */ = {isa = PBXFileReference; lastKnownFileType = sourcecode.swift; path = CellSelectionMeta.swift; sourceTree = "<group>"; };
		B22D4F802B264EA700B8F1F9 /* SelectedCountryCell.swift */ = {isa = PBXFileReference; lastKnownFileType = sourcecode.swift; path = SelectedCountryCell.swift; sourceTree = "<group>"; };
		B22D4F812B264EA700B8F1F9 /* SelectedCountryCell.xib */ = {isa = PBXFileReference; lastKnownFileType = file.xib; path = SelectedCountryCell.xib; sourceTree = "<group>"; };
		B22D4F842B265CEB00B8F1F9 /* UIView+RoundedCorner.swift */ = {isa = PBXFileReference; lastKnownFileType = sourcecode.swift; path = "UIView+RoundedCorner.swift"; sourceTree = "<group>"; };
		B22D4F862B26C85700B8F1F9 /* InstructionsViewController.swift */ = {isa = PBXFileReference; lastKnownFileType = sourcecode.swift; path = InstructionsViewController.swift; sourceTree = "<group>"; };
		B22D4F872B26C85700B8F1F9 /* InstructionsViewController.xib */ = {isa = PBXFileReference; lastKnownFileType = file.xib; path = InstructionsViewController.xib; sourceTree = "<group>"; };
		B24FD17A2B255B84009CA1BD /* ExampleViewController.swift */ = {isa = PBXFileReference; lastKnownFileType = sourcecode.swift; path = ExampleViewController.swift; sourceTree = "<group>"; };
		B24FD17C2B26102D009CA1BD /* ExampleViewController.xib */ = {isa = PBXFileReference; lastKnownFileType = file.xib; path = ExampleViewController.xib; sourceTree = "<group>"; };
		B2567BF42B187BAF004E51D8 /* CountryKit.app */ = {isa = PBXFileReference; explicitFileType = wrapper.application; includeInIndex = 0; path = CountryKit.app; sourceTree = BUILT_PRODUCTS_DIR; };
		B2567BF72B187BAF004E51D8 /* AppDelegate.swift */ = {isa = PBXFileReference; lastKnownFileType = sourcecode.swift; path = AppDelegate.swift; sourceTree = "<group>"; };
		B2567BF92B187BAF004E51D8 /* SceneDelegate.swift */ = {isa = PBXFileReference; lastKnownFileType = sourcecode.swift; path = SceneDelegate.swift; sourceTree = "<group>"; };
		B2567BFE2B187BAF004E51D8 /* Base */ = {isa = PBXFileReference; lastKnownFileType = file.storyboard; name = Base; path = Base.lproj/Main.storyboard; sourceTree = "<group>"; };
		B2567C002B187BB1004E51D8 /* Assets.xcassets */ = {isa = PBXFileReference; lastKnownFileType = folder.assetcatalog; path = Assets.xcassets; sourceTree = "<group>"; };
		B2567C032B187BB1004E51D8 /* Base */ = {isa = PBXFileReference; lastKnownFileType = file.storyboard; name = Base; path = Base.lproj/LaunchScreen.storyboard; sourceTree = "<group>"; };
		B2567C052B187BB1004E51D8 /* Info.plist */ = {isa = PBXFileReference; lastKnownFileType = text.plist.xml; path = Info.plist; sourceTree = "<group>"; };
/* End PBXFileReference section */

/* Begin PBXFrameworksBuildPhase section */
		B2567BF12B187BAF004E51D8 /* Frameworks */ = {
			isa = PBXFrameworksBuildPhase;
			buildActionMask = 2147483647;
			files = (
				B24FD1802B261BAE009CA1BD /* Composure in Frameworks */,
				B22D4F7B2B26220F00B8F1F9 /* FlagKit in Frameworks */,
			);
			runOnlyForDeploymentPostprocessing = 0;
		};
/* End PBXFrameworksBuildPhase section */

/* Begin PBXGroup section */
		B22D4F462B26206500B8F1F9 /* Sources */ = {
			isa = PBXGroup;
			children = (
				B22D4F472B26206500B8F1F9 /* CountryKit */,
			);
			name = Sources;
			path = ../Sources;
			sourceTree = "<group>";
		};
		B22D4F472B26206500B8F1F9 /* CountryKit */ = {
			isa = PBXGroup;
			children = (
				B22D4F482B26206500B8F1F9 /* ui */,
				B22D4F512B26206500B8F1F9 /* flag */,
				B22D4F532B26206500B8F1F9 /* CountryKit.swift */,
				B22D4F542B26206500B8F1F9 /* shared */,
				B22D4F5D2B26206500B8F1F9 /* address */,
				B22D4F602B26206500B8F1F9 /* country_list */,
			);
			path = CountryKit;
			sourceTree = "<group>";
		};
		B22D4F482B26206500B8F1F9 /* ui */ = {
			isa = PBXGroup;
			children = (
				B22D4F502B26206500B8F1F9 /* CountryCell.swift */,
				B22D4F4D2B26206500B8F1F9 /* CountryCell.xib */,
				B22D4F492B26206500B8F1F9 /* CountrySection.swift */,
				B22D4F4B2B26206500B8F1F9 /* CountrySelectionConfig.swift */,
				B22D4F4A2B26206500B8F1F9 /* CountrySelectionPresenter.swift */,
				B22D4F4E2B26206500B8F1F9 /* CountrySelectionViewController.swift */,
				B22D4F7C2B26229C00B8F1F9 /* CountrySelectionViewController.xib */,
				B22D4F4F2B26206500B8F1F9 /* CountryViewModel.swift */,
				B22D4F4C2B26206500B8F1F9 /* CountrySelectionDelegate.swift */,
				B22D4F7E2B26477500B8F1F9 /* CellSelectionMeta.swift */,
			);
			path = ui;
			sourceTree = "<group>";
		};
		B22D4F512B26206500B8F1F9 /* flag */ = {
			isa = PBXGroup;
			children = (
				B22D4F522B26206500B8F1F9 /* FlagKit+Extensions.swift */,
			);
			path = flag;
			sourceTree = "<group>";
		};
		B22D4F542B26206500B8F1F9 /* shared */ = {
			isa = PBXGroup;
			children = (
				B22D4F552B26206500B8F1F9 /* FooterCell.swift */,
				B22D4F5B2B26206500B8F1F9 /* FooterCell.xib */,
				B22D4F572B26206500B8F1F9 /* FooterViewModel.swift */,
				B22D4F592B26206500B8F1F9 /* Localizable.strings */,
				B22D4F5C2B26206500B8F1F9 /* NibLoadable.swift */,
				B22D4F582B26206500B8F1F9 /* String+Localize.swift */,
				B22D4F5A2B26206500B8F1F9 /* TextHighlighter.swift */,
				B22D4F562B26206500B8F1F9 /* UserInteractionStatus.swift */,
			);
			path = shared;
			sourceTree = "<group>";
		};
		B22D4F5D2B26206500B8F1F9 /* address */ = {
			isa = PBXGroup;
			children = (
				B22D4F5E2B26206500B8F1F9 /* AddressComponent.swift */,
				B22D4F5F2B26206500B8F1F9 /* AddressLabel.swift */,
			);
			path = address;
			sourceTree = "<group>";
		};
		B22D4F602B26206500B8F1F9 /* country_list */ = {
			isa = PBXGroup;
			children = (
				B22D4F612B26206500B8F1F9 /* Country.swift */,
				B22D4F622B26206500B8F1F9 /* CountryProvider.swift */,
			);
			path = country_list;
			sourceTree = "<group>";
		};
		B2567BEB2B187BAF004E51D8 = {
			isa = PBXGroup;
			children = (
				B22D4F462B26206500B8F1F9 /* Sources */,
				B2567BF62B187BAF004E51D8 /* countrykit_example */,
				B2567BF52B187BAF004E51D8 /* Products */,
			);
			sourceTree = "<group>";
		};
		B2567BF52B187BAF004E51D8 /* Products */ = {
			isa = PBXGroup;
			children = (
				B2567BF42B187BAF004E51D8 /* CountryKit.app */,
			);
			name = Products;
			sourceTree = "<group>";
		};
		B2567BF62B187BAF004E51D8 /* countrykit_example */ = {
			isa = PBXGroup;
			children = (
				B2567BF72B187BAF004E51D8 /* AppDelegate.swift */,
				B2567BF92B187BAF004E51D8 /* SceneDelegate.swift */,
				B22D4F842B265CEB00B8F1F9 /* UIView+RoundedCorner.swift */,
				B24FD17A2B255B84009CA1BD /* ExampleViewController.swift */,
				B24FD17C2B26102D009CA1BD /* ExampleViewController.xib */,
				B22D4F802B264EA700B8F1F9 /* SelectedCountryCell.swift */,
				B22D4F812B264EA700B8F1F9 /* SelectedCountryCell.xib */,
				B22D4F862B26C85700B8F1F9 /* InstructionsViewController.swift */,
				B22D4F872B26C85700B8F1F9 /* InstructionsViewController.xib */,
				B2567BFD2B187BAF004E51D8 /* Main.storyboard */,
				B2567C002B187BB1004E51D8 /* Assets.xcassets */,
				B2567C022B187BB1004E51D8 /* LaunchScreen.storyboard */,
				B2567C052B187BB1004E51D8 /* Info.plist */,
			);
			path = countrykit_example;
			sourceTree = "<group>";
		};
/* End PBXGroup section */

/* Begin PBXNativeTarget section */
		B2567BF32B187BAF004E51D8 /* countrykit_example */ = {
			isa = PBXNativeTarget;
			buildConfigurationList = B2567C082B187BB1004E51D8 /* Build configuration list for PBXNativeTarget "countrykit_example" */;
			buildPhases = (
				B2567BF02B187BAF004E51D8 /* Sources */,
				B2567BF12B187BAF004E51D8 /* Frameworks */,
				B2567BF22B187BAF004E51D8 /* Resources */,
			);
			buildRules = (
			);
			dependencies = (
			);
			name = countrykit_example;
			packageProductDependencies = (
				B24FD17F2B261BAE009CA1BD /* Composure */,
				B22D4F7A2B26220F00B8F1F9 /* FlagKit */,
			);
			productName = countrykit_example;
			productReference = B2567BF42B187BAF004E51D8 /* CountryKit.app */;
			productType = "com.apple.product-type.application";
		};
/* End PBXNativeTarget section */

/* Begin PBXProject section */
		B2567BEC2B187BAF004E51D8 /* Project object */ = {
			isa = PBXProject;
			attributes = {
				BuildIndependentTargetsInParallel = 1;
				LastSwiftUpdateCheck = 1410;
				LastUpgradeCheck = 1410;
				TargetAttributes = {
					B2567BF32B187BAF004E51D8 = {
						CreatedOnToolsVersion = 14.1;
					};
				};
			};
			buildConfigurationList = B2567BEF2B187BAF004E51D8 /* Build configuration list for PBXProject "countrykit_example" */;
			compatibilityVersion = "Xcode 14.0";
			developmentRegion = en;
			hasScannedForEncodings = 0;
			knownRegions = (
				en,
				Base,
			);
			mainGroup = B2567BEB2B187BAF004E51D8;
			packageReferences = (
				B24FD17E2B261BAE009CA1BD /* XCRemoteSwiftPackageReference "Composure" */,
				B22D4F792B26220F00B8F1F9 /* XCRemoteSwiftPackageReference "FlagKit" */,
			);
			productRefGroup = B2567BF52B187BAF004E51D8 /* Products */;
			projectDirPath = "";
			projectRoot = "";
			targets = (
				B2567BF32B187BAF004E51D8 /* countrykit_example */,
			);
		};
/* End PBXProject section */

/* Begin PBXResourcesBuildPhase section */
		B2567BF22B187BAF004E51D8 /* Resources */ = {
			isa = PBXResourcesBuildPhase;
			buildActionMask = 2147483647;
			files = (
				B22D4F672B26206500B8F1F9 /* CountryCell.xib in Resources */,
				B22D4F712B26206500B8F1F9 /* Localizable.strings in Resources */,
				B2567C042B187BB1004E51D8 /* LaunchScreen.storyboard in Resources */,
				B22D4F732B26206500B8F1F9 /* FooterCell.xib in Resources */,
				B22D4F7D2B26229C00B8F1F9 /* CountrySelectionViewController.xib in Resources */,
				B22D4F892B26C85700B8F1F9 /* InstructionsViewController.xib in Resources */,
				B24FD17D2B26102D009CA1BD /* ExampleViewController.xib in Resources */,
				B2567C012B187BB1004E51D8 /* Assets.xcassets in Resources */,
				B22D4F832B264EA700B8F1F9 /* SelectedCountryCell.xib in Resources */,
				B2567BFF2B187BAF004E51D8 /* Main.storyboard in Resources */,
			);
			runOnlyForDeploymentPostprocessing = 0;
		};
/* End PBXResourcesBuildPhase section */

/* Begin PBXSourcesBuildPhase section */
		B2567BF02B187BAF004E51D8 /* Sources */ = {
			isa = PBXSourcesBuildPhase;
			buildActionMask = 2147483647;
			files = (
				B22D4F692B26206500B8F1F9 /* CountryViewModel.swift in Sources */,
				B22D4F7F2B26477500B8F1F9 /* CellSelectionMeta.swift in Sources */,
				B22D4F682B26206500B8F1F9 /* CountrySelectionViewController.swift in Sources */,
				B22D4F6A2B26206500B8F1F9 /* CountryCell.swift in Sources */,
				B22D4F742B26206500B8F1F9 /* NibLoadable.swift in Sources */,
				B22D4F632B26206500B8F1F9 /* CountrySection.swift in Sources */,
				B2567BF82B187BAF004E51D8 /* AppDelegate.swift in Sources */,
				B22D4F702B26206500B8F1F9 /* String+Localize.swift in Sources */,
				B22D4F772B26206500B8F1F9 /* Country.swift in Sources */,
				B22D4F852B265CEB00B8F1F9 /* UIView+RoundedCorner.swift in Sources */,
				B22D4F822B264EA700B8F1F9 /* SelectedCountryCell.swift in Sources */,
				B22D4F6E2B26206500B8F1F9 /* UserInteractionStatus.swift in Sources */,
				B22D4F662B26206500B8F1F9 /* CountrySelectionDelegate.swift in Sources */,
				B22D4F6D2B26206500B8F1F9 /* FooterCell.swift in Sources */,
				B22D4F6B2B26206500B8F1F9 /* FlagKit+Extensions.swift in Sources */,
				B22D4F722B26206500B8F1F9 /* TextHighlighter.swift in Sources */,
				B22D4F782B26206500B8F1F9 /* CountryProvider.swift in Sources */,
				B22D4F6F2B26206500B8F1F9 /* FooterViewModel.swift in Sources */,
				B2567BFA2B187BAF004E51D8 /* SceneDelegate.swift in Sources */,
				B24FD17B2B255B84009CA1BD /* ExampleViewController.swift in Sources */,
				B22D4F762B26206500B8F1F9 /* AddressLabel.swift in Sources */,
				B22D4F642B26206500B8F1F9 /* CountrySelectionPresenter.swift in Sources */,
				B22D4F752B26206500B8F1F9 /* AddressComponent.swift in Sources */,
				B22D4F652B26206500B8F1F9 /* CountrySelectionConfig.swift in Sources */,
				B22D4F882B26C85700B8F1F9 /* InstructionsViewController.swift in Sources */,
				B22D4F6C2B26206500B8F1F9 /* CountryKit.swift in Sources */,
			);
			runOnlyForDeploymentPostprocessing = 0;
		};
/* End PBXSourcesBuildPhase section */

/* Begin PBXVariantGroup section */
		B2567BFD2B187BAF004E51D8 /* Main.storyboard */ = {
			isa = PBXVariantGroup;
			children = (
				B2567BFE2B187BAF004E51D8 /* Base */,
			);
			name = Main.storyboard;
			sourceTree = "<group>";
		};
		B2567C022B187BB1004E51D8 /* LaunchScreen.storyboard */ = {
			isa = PBXVariantGroup;
			children = (
				B2567C032B187BB1004E51D8 /* Base */,
			);
			name = LaunchScreen.storyboard;
			sourceTree = "<group>";
		};
/* End PBXVariantGroup section */

/* Begin XCBuildConfiguration section */
		B2567C062B187BB1004E51D8 /* Debug */ = {
			isa = XCBuildConfiguration;
			buildSettings = {
				ALWAYS_SEARCH_USER_PATHS = NO;
				CLANG_ANALYZER_NONNULL = YES;
				CLANG_ANALYZER_NUMBER_OBJECT_CONVERSION = YES_AGGRESSIVE;
				CLANG_CXX_LANGUAGE_STANDARD = "gnu++20";
				CLANG_ENABLE_MODULES = YES;
				CLANG_ENABLE_OBJC_ARC = YES;
				CLANG_ENABLE_OBJC_WEAK = YES;
				CLANG_WARN_BLOCK_CAPTURE_AUTORELEASING = YES;
				CLANG_WARN_BOOL_CONVERSION = YES;
				CLANG_WARN_COMMA = YES;
				CLANG_WARN_CONSTANT_CONVERSION = YES;
				CLANG_WARN_DEPRECATED_OBJC_IMPLEMENTATIONS = YES;
				CLANG_WARN_DIRECT_OBJC_ISA_USAGE = YES_ERROR;
				CLANG_WARN_DOCUMENTATION_COMMENTS = YES;
				CLANG_WARN_EMPTY_BODY = YES;
				CLANG_WARN_ENUM_CONVERSION = YES;
				CLANG_WARN_INFINITE_RECURSION = YES;
				CLANG_WARN_INT_CONVERSION = YES;
				CLANG_WARN_NON_LITERAL_NULL_CONVERSION = YES;
				CLANG_WARN_OBJC_IMPLICIT_RETAIN_SELF = YES;
				CLANG_WARN_OBJC_LITERAL_CONVERSION = YES;
				CLANG_WARN_OBJC_ROOT_CLASS = YES_ERROR;
				CLANG_WARN_QUOTED_INCLUDE_IN_FRAMEWORK_HEADER = YES;
				CLANG_WARN_RANGE_LOOP_ANALYSIS = YES;
				CLANG_WARN_STRICT_PROTOTYPES = YES;
				CLANG_WARN_SUSPICIOUS_MOVE = YES;
				CLANG_WARN_UNGUARDED_AVAILABILITY = YES_AGGRESSIVE;
				CLANG_WARN_UNREACHABLE_CODE = YES;
				CLANG_WARN__DUPLICATE_METHOD_MATCH = YES;
				COPY_PHASE_STRIP = NO;
				DEBUG_INFORMATION_FORMAT = dwarf;
				ENABLE_STRICT_OBJC_MSGSEND = YES;
				ENABLE_TESTABILITY = YES;
				GCC_C_LANGUAGE_STANDARD = gnu11;
				GCC_DYNAMIC_NO_PIC = NO;
				GCC_NO_COMMON_BLOCKS = YES;
				GCC_OPTIMIZATION_LEVEL = 0;
				GCC_PREPROCESSOR_DEFINITIONS = (
					"DEBUG=1",
					"$(inherited)",
				);
				GCC_WARN_64_TO_32_BIT_CONVERSION = YES;
				GCC_WARN_ABOUT_RETURN_TYPE = YES_ERROR;
				GCC_WARN_UNDECLARED_SELECTOR = YES;
				GCC_WARN_UNINITIALIZED_AUTOS = YES_AGGRESSIVE;
				GCC_WARN_UNUSED_FUNCTION = YES;
				GCC_WARN_UNUSED_VARIABLE = YES;
				IPHONEOS_DEPLOYMENT_TARGET = 15.0;
				MTL_ENABLE_DEBUG_INFO = INCLUDE_SOURCE;
				MTL_FAST_MATH = YES;
				ONLY_ACTIVE_ARCH = YES;
				SDKROOT = iphoneos;
				SWIFT_ACTIVE_COMPILATION_CONDITIONS = DEBUG;
				SWIFT_OPTIMIZATION_LEVEL = "-Onone";
			};
			name = Debug;
		};
		B2567C072B187BB1004E51D8 /* Release */ = {
			isa = XCBuildConfiguration;
			buildSettings = {
				ALWAYS_SEARCH_USER_PATHS = NO;
				CLANG_ANALYZER_NONNULL = YES;
				CLANG_ANALYZER_NUMBER_OBJECT_CONVERSION = YES_AGGRESSIVE;
				CLANG_CXX_LANGUAGE_STANDARD = "gnu++20";
				CLANG_ENABLE_MODULES = YES;
				CLANG_ENABLE_OBJC_ARC = YES;
				CLANG_ENABLE_OBJC_WEAK = YES;
				CLANG_WARN_BLOCK_CAPTURE_AUTORELEASING = YES;
				CLANG_WARN_BOOL_CONVERSION = YES;
				CLANG_WARN_COMMA = YES;
				CLANG_WARN_CONSTANT_CONVERSION = YES;
				CLANG_WARN_DEPRECATED_OBJC_IMPLEMENTATIONS = YES;
				CLANG_WARN_DIRECT_OBJC_ISA_USAGE = YES_ERROR;
				CLANG_WARN_DOCUMENTATION_COMMENTS = YES;
				CLANG_WARN_EMPTY_BODY = YES;
				CLANG_WARN_ENUM_CONVERSION = YES;
				CLANG_WARN_INFINITE_RECURSION = YES;
				CLANG_WARN_INT_CONVERSION = YES;
				CLANG_WARN_NON_LITERAL_NULL_CONVERSION = YES;
				CLANG_WARN_OBJC_IMPLICIT_RETAIN_SELF = YES;
				CLANG_WARN_OBJC_LITERAL_CONVERSION = YES;
				CLANG_WARN_OBJC_ROOT_CLASS = YES_ERROR;
				CLANG_WARN_QUOTED_INCLUDE_IN_FRAMEWORK_HEADER = YES;
				CLANG_WARN_RANGE_LOOP_ANALYSIS = YES;
				CLANG_WARN_STRICT_PROTOTYPES = YES;
				CLANG_WARN_SUSPICIOUS_MOVE = YES;
				CLANG_WARN_UNGUARDED_AVAILABILITY = YES_AGGRESSIVE;
				CLANG_WARN_UNREACHABLE_CODE = YES;
				CLANG_WARN__DUPLICATE_METHOD_MATCH = YES;
				COPY_PHASE_STRIP = NO;
				DEBUG_INFORMATION_FORMAT = "dwarf-with-dsym";
				ENABLE_NS_ASSERTIONS = NO;
				ENABLE_STRICT_OBJC_MSGSEND = YES;
				GCC_C_LANGUAGE_STANDARD = gnu11;
				GCC_NO_COMMON_BLOCKS = YES;
				GCC_WARN_64_TO_32_BIT_CONVERSION = YES;
				GCC_WARN_ABOUT_RETURN_TYPE = YES_ERROR;
				GCC_WARN_UNDECLARED_SELECTOR = YES;
				GCC_WARN_UNINITIALIZED_AUTOS = YES_AGGRESSIVE;
				GCC_WARN_UNUSED_FUNCTION = YES;
				GCC_WARN_UNUSED_VARIABLE = YES;
				IPHONEOS_DEPLOYMENT_TARGET = 15.0;
				MTL_ENABLE_DEBUG_INFO = NO;
				MTL_FAST_MATH = YES;
				SDKROOT = iphoneos;
				SWIFT_COMPILATION_MODE = wholemodule;
				SWIFT_OPTIMIZATION_LEVEL = "-O";
				VALIDATE_PRODUCT = YES;
			};
			name = Release;
		};
		B2567C092B187BB1004E51D8 /* Debug */ = {
			isa = XCBuildConfiguration;
			buildSettings = {
				ASSETCATALOG_COMPILER_APPICON_NAME = AppIcon;
				ASSETCATALOG_COMPILER_GLOBAL_ACCENT_COLOR_NAME = AccentColor;
				CODE_SIGN_STYLE = Automatic;
				CURRENT_PROJECT_VERSION = 1;
				DEVELOPMENT_TEAM = HP649B9867;
				GENERATE_INFOPLIST_FILE = YES;
				INFOPLIST_FILE = countrykit_example/Info.plist;
				INFOPLIST_KEY_UIApplicationSupportsIndirectInputEvents = YES;
				INFOPLIST_KEY_UILaunchStoryboardName = LaunchScreen;
				INFOPLIST_KEY_UIMainStoryboardFile = Main;
				INFOPLIST_KEY_UISupportedInterfaceOrientations_iPad = "UIInterfaceOrientationPortrait UIInterfaceOrientationPortraitUpsideDown UIInterfaceOrientationLandscapeLeft UIInterfaceOrientationLandscapeRight";
				INFOPLIST_KEY_UISupportedInterfaceOrientations_iPhone = "UIInterfaceOrientationPortrait UIInterfaceOrientationLandscapeLeft UIInterfaceOrientationLandscapeRight";
				LD_RUNPATH_SEARCH_PATHS = (
					"$(inherited)",
					"@executable_path/Frameworks",
				);
				MARKETING_VERSION = 1.0;
				PRODUCT_BUNDLE_IDENTIFIER = "com.company.countrykit-example";
				PRODUCT_NAME = CountryKit;
				SWIFT_EMIT_LOC_STRINGS = YES;
				SWIFT_VERSION = 5.0;
				TARGETED_DEVICE_FAMILY = "1,2";
			};
			name = Debug;
		};
		B2567C0A2B187BB1004E51D8 /* Release */ = {
			isa = XCBuildConfiguration;
			buildSettings = {
				ASSETCATALOG_COMPILER_APPICON_NAME = AppIcon;
				ASSETCATALOG_COMPILER_GLOBAL_ACCENT_COLOR_NAME = AccentColor;
				CODE_SIGN_STYLE = Automatic;
				CURRENT_PROJECT_VERSION = 1;
				DEVELOPMENT_TEAM = HP649B9867;
				GENERATE_INFOPLIST_FILE = YES;
				INFOPLIST_FILE = countrykit_example/Info.plist;
				INFOPLIST_KEY_UIApplicationSupportsIndirectInputEvents = YES;
				INFOPLIST_KEY_UILaunchStoryboardName = LaunchScreen;
				INFOPLIST_KEY_UIMainStoryboardFile = Main;
				INFOPLIST_KEY_UISupportedInterfaceOrientations_iPad = "UIInterfaceOrientationPortrait UIInterfaceOrientationPortraitUpsideDown UIInterfaceOrientationLandscapeLeft UIInterfaceOrientationLandscapeRight";
				INFOPLIST_KEY_UISupportedInterfaceOrientations_iPhone = "UIInterfaceOrientationPortrait UIInterfaceOrientationLandscapeLeft UIInterfaceOrientationLandscapeRight";
				LD_RUNPATH_SEARCH_PATHS = (
					"$(inherited)",
					"@executable_path/Frameworks",
				);
				MARKETING_VERSION = 1.0;
				PRODUCT_BUNDLE_IDENTIFIER = "com.company.countrykit-example";
				PRODUCT_NAME = CountryKit;
				SWIFT_EMIT_LOC_STRINGS = YES;
				SWIFT_VERSION = 5.0;
				TARGETED_DEVICE_FAMILY = "1,2";
			};
			name = Release;
		};
/* End XCBuildConfiguration section */

/* Begin XCConfigurationList section */
		B2567BEF2B187BAF004E51D8 /* Build configuration list for PBXProject "countrykit_example" */ = {
			isa = XCConfigurationList;
			buildConfigurations = (
				B2567C062B187BB1004E51D8 /* Debug */,
				B2567C072B187BB1004E51D8 /* Release */,
			);
			defaultConfigurationIsVisible = 0;
			defaultConfigurationName = Release;
		};
		B2567C082B187BB1004E51D8 /* Build configuration list for PBXNativeTarget "countrykit_example" */ = {
			isa = XCConfigurationList;
			buildConfigurations = (
				B2567C092B187BB1004E51D8 /* Debug */,
				B2567C0A2B187BB1004E51D8 /* Release */,
			);
			defaultConfigurationIsVisible = 0;
			defaultConfigurationName = Release;
		};
/* End XCConfigurationList section */

/* Begin XCRemoteSwiftPackageReference section */
		B22D4F792B26220F00B8F1F9 /* XCRemoteSwiftPackageReference "FlagKit" */ = {
			isa = XCRemoteSwiftPackageReference;
			repositoryURL = "https://github.com/madebybowtie/FlagKit";
			requirement = {
				kind = upToNextMajorVersion;
				minimumVersion = 2.0.0;
			};
		};
		B24FD17E2B261BAE009CA1BD /* XCRemoteSwiftPackageReference "Composure" */ = {
			isa = XCRemoteSwiftPackageReference;
			repositoryURL = "https://github.com/eclypse-tms/Composure";
			requirement = {
				kind = upToNextMajorVersion;
				minimumVersion = 1.0.0;
			};
		};
/* End XCRemoteSwiftPackageReference section */

/* Begin XCSwiftPackageProductDependency section */
		B22D4F7A2B26220F00B8F1F9 /* FlagKit */ = {
			isa = XCSwiftPackageProductDependency;
			package = B22D4F792B26220F00B8F1F9 /* XCRemoteSwiftPackageReference "FlagKit" */;
			productName = FlagKit;
		};
		B24FD17F2B261BAE009CA1BD /* Composure */ = {
			isa = XCSwiftPackageProductDependency;
			package = B24FD17E2B261BAE009CA1BD /* XCRemoteSwiftPackageReference "Composure" */;
			productName = Composure;
		};
/* End XCSwiftPackageProductDependency section */
	};
	rootObject = B2567BEC2B187BAF004E51D8 /* Project object */;
}
